
Microsoft Visual Studio Solution File, Format Version 12.00
# Visual Studio Version 16
VisualStudioVersion = 25.0.1705.4
MinimumVisualStudioVersion = 10.0.40219.1
Project("{FAE04EC0-301F-11D3-BF4B-00C04F79EFBC}") = "Tridenton.Core", "src\Tridenton.Core\Tridenton.Core.csproj", "{938E763C-649E-4B23-8237-2E671AFFD9F3}"
EndProject
Project("{2150E333-8FDC-42A3-9474-1A3956D46DE8}") = "Core", "Core", "{A1990F6E-5702-4DCA-85F8-C604CF9D595C}"
EndProject
Project("{FAE04EC0-301F-11D3-BF4B-00C04F79EFBC}") = "Tridenton.CQRS", "src\Tridenton.CQRS\Tridenton.CQRS.csproj", "{7661499A-4E6D-4C1A-9187-A4B1511490B5}"
EndProject
Project("{FAE04EC0-301F-11D3-BF4B-00C04F79EFBC}") = "Tridenton.Persistence", "src\Tridenton.Persistence\Tridenton.Persistence.csproj", "{3C11EBFB-275A-498C-A588-3BCBF8586C29}"
EndProject
Project("{FAE04EC0-301F-11D3-BF4B-00C04F79EFBC}") = "Tridenton.Extensions.Configuration", "src\Tridenton.Extensions.Configuration\Tridenton.Extensions.Configuration.csproj", "{C3E34CC6-1F93-44FF-AF08-A574B8102E42}"
EndProject
Project("{FAE04EC0-301F-11D3-BF4B-00C04F79EFBC}") = "Tridenton.Authentication.JWT", "src\Tridenton.Authentication.JWT\Tridenton.Authentication.JWT.csproj", "{9E123E16-9B6D-4A1A-B8B7-E3667AFE1106}"
EndProject
Project("{FAE04EC0-301F-11D3-BF4B-00C04F79EFBC}") = "Tridenton.Authentication.RequestSigning", "src\Tridenton.Authentication.RequestSigning\Tridenton.Authentication.RequestSigning.csproj", "{7A4796F1-98F5-49DA-9710-D160F312F0D4}"
EndProject
Project("{FAE04EC0-301F-11D3-BF4B-00C04F79EFBC}") = "Tridenton.Extensions.Http", "src\Tridenton.Extensions.Http\Tridenton.Extensions.Http.csproj", "{5FD5D7FA-4525-4A2E-A49E-31C3A12748A3}"
EndProject
Project("{FAE04EC0-301F-11D3-BF4B-00C04F79EFBC}") = "Tridenton.CQRSPersistenceInteraction", "src\Tridenton.CQRSPersistenceInteraction\Tridenton.CQRSPersistenceInteraction.csproj", "{F6EEF37E-A180-4B7C-83C3-3F5957A48979}"
EndProject
Project("{FAE04EC0-301F-11D3-BF4B-00C04F79EFBC}") = "Tridenton.CQRS.Tests", "src\Tridenton.CQRS.Tests\Tridenton.CQRS.Tests.csproj", "{AC9A9EBC-4D6D-467A-8D98-152C78749E0B}"
EndProject
Project("{2150E333-8FDC-42A3-9474-1A3956D46DE8}") = "Tests", "Tests", "{08441DDF-DAA7-499E-B7F2-5EC3C15FB417}"
EndProject
Project("{FAE04EC0-301F-11D3-BF4B-00C04F79EFBC}") = "Tridenton.DDD", "src\Tridenton.DDD\Tridenton.DDD.csproj", "{7DE90D53-A693-45AE-8A07-8B70AF93B760}"
EndProject
Global
	GlobalSection(SolutionConfigurationPlatforms) = preSolution
		Debug|Any CPU = Debug|Any CPU
		Release|Any CPU = Release|Any CPU
	EndGlobalSection
	GlobalSection(ProjectConfigurationPlatforms) = postSolution
		{938E763C-649E-4B23-8237-2E671AFFD9F3}.Debug|Any CPU.ActiveCfg = Debug|Any CPU
		{938E763C-649E-4B23-8237-2E671AFFD9F3}.Debug|Any CPU.Build.0 = Debug|Any CPU
		{938E763C-649E-4B23-8237-2E671AFFD9F3}.Release|Any CPU.ActiveCfg = Release|Any CPU
		{938E763C-649E-4B23-8237-2E671AFFD9F3}.Release|Any CPU.Build.0 = Release|Any CPU
		{7661499A-4E6D-4C1A-9187-A4B1511490B5}.Debug|Any CPU.ActiveCfg = Debug|Any CPU
		{7661499A-4E6D-4C1A-9187-A4B1511490B5}.Debug|Any CPU.Build.0 = Debug|Any CPU
		{7661499A-4E6D-4C1A-9187-A4B1511490B5}.Release|Any CPU.ActiveCfg = Release|Any CPU
		{7661499A-4E6D-4C1A-9187-A4B1511490B5}.Release|Any CPU.Build.0 = Release|Any CPU
		{3C11EBFB-275A-498C-A588-3BCBF8586C29}.Debug|Any CPU.ActiveCfg = Debug|Any CPU
		{3C11EBFB-275A-498C-A588-3BCBF8586C29}.Debug|Any CPU.Build.0 = Debug|Any CPU
		{3C11EBFB-275A-498C-A588-3BCBF8586C29}.Release|Any CPU.ActiveCfg = Release|Any CPU
		{3C11EBFB-275A-498C-A588-3BCBF8586C29}.Release|Any CPU.Build.0 = Release|Any CPU
		{C3E34CC6-1F93-44FF-AF08-A574B8102E42}.Debug|Any CPU.ActiveCfg = Debug|Any CPU
		{C3E34CC6-1F93-44FF-AF08-A574B8102E42}.Debug|Any CPU.Build.0 = Debug|Any CPU
		{C3E34CC6-1F93-44FF-AF08-A574B8102E42}.Release|Any CPU.ActiveCfg = Release|Any CPU
		{C3E34CC6-1F93-44FF-AF08-A574B8102E42}.Release|Any CPU.Build.0 = Release|Any CPU
		{9E123E16-9B6D-4A1A-B8B7-E3667AFE1106}.Debug|Any CPU.ActiveCfg = Debug|Any CPU
		{9E123E16-9B6D-4A1A-B8B7-E3667AFE1106}.Debug|Any CPU.Build.0 = Debug|Any CPU
		{9E123E16-9B6D-4A1A-B8B7-E3667AFE1106}.Release|Any CPU.ActiveCfg = Release|Any CPU
		{9E123E16-9B6D-4A1A-B8B7-E3667AFE1106}.Release|Any CPU.Build.0 = Release|Any CPU
		{7A4796F1-98F5-49DA-9710-D160F312F0D4}.Debug|Any CPU.ActiveCfg = Debug|Any CPU
		{7A4796F1-98F5-49DA-9710-D160F312F0D4}.Debug|Any CPU.Build.0 = Debug|Any CPU
		{7A4796F1-98F5-49DA-9710-D160F312F0D4}.Release|Any CPU.ActiveCfg = Release|Any CPU
		{7A4796F1-98F5-49DA-9710-D160F312F0D4}.Release|Any CPU.Build.0 = Release|Any CPU
		{5FD5D7FA-4525-4A2E-A49E-31C3A12748A3}.Debug|Any CPU.ActiveCfg = Debug|Any CPU
		{5FD5D7FA-4525-4A2E-A49E-31C3A12748A3}.Debug|Any CPU.Build.0 = Debug|Any CPU
		{5FD5D7FA-4525-4A2E-A49E-31C3A12748A3}.Release|Any CPU.ActiveCfg = Release|Any CPU
		{5FD5D7FA-4525-4A2E-A49E-31C3A12748A3}.Release|Any CPU.Build.0 = Release|Any CPU
		{F6EEF37E-A180-4B7C-83C3-3F5957A48979}.Debug|Any CPU.ActiveCfg = Debug|Any CPU
		{F6EEF37E-A180-4B7C-83C3-3F5957A48979}.Debug|Any CPU.Build.0 = Debug|Any CPU
		{F6EEF37E-A180-4B7C-83C3-3F5957A48979}.Release|Any CPU.ActiveCfg = Release|Any CPU
		{F6EEF37E-A180-4B7C-83C3-3F5957A48979}.Release|Any CPU.Build.0 = Release|Any CPU
		{AC9A9EBC-4D6D-467A-8D98-152C78749E0B}.Debug|Any CPU.ActiveCfg = Debug|Any CPU
		{AC9A9EBC-4D6D-467A-8D98-152C78749E0B}.Debug|Any CPU.Build.0 = Debug|Any CPU
		{AC9A9EBC-4D6D-467A-8D98-152C78749E0B}.Release|Any CPU.ActiveCfg = Release|Any CPU
		{AC9A9EBC-4D6D-467A-8D98-152C78749E0B}.Release|Any CPU.Build.0 = Release|Any CPU
		{7DE90D53-A693-45AE-8A07-8B70AF93B760}.Debug|Any CPU.ActiveCfg = Debug|Any CPU
		{7DE90D53-A693-45AE-8A07-8B70AF93B760}.Debug|Any CPU.Build.0 = Debug|Any CPU
		{7DE90D53-A693-45AE-8A07-8B70AF93B760}.Release|Any CPU.ActiveCfg = Release|Any CPU
		{7DE90D53-A693-45AE-8A07-8B70AF93B760}.Release|Any CPU.Build.0 = Release|Any CPU
	EndGlobalSection
	GlobalSection(SolutionProperties) = preSolution
		HideSolutionNode = FALSE
	EndGlobalSection
	GlobalSection(ExtensibilityGlobals) = postSolution
		SolutionGuid = {7D780879-1D7F-4FFD-A5E0-6EE60D318ADA}
	EndGlobalSection
	GlobalSection(NestedProjects) = preSolution
		{938E763C-649E-4B23-8237-2E671AFFD9F3} = {A1990F6E-5702-4DCA-85F8-C604CF9D595C}
		{7661499A-4E6D-4C1A-9187-A4B1511490B5} = {A1990F6E-5702-4DCA-85F8-C604CF9D595C}
		{3C11EBFB-275A-498C-A588-3BCBF8586C29} = {A1990F6E-5702-4DCA-85F8-C604CF9D595C}
		{C3E34CC6-1F93-44FF-AF08-A574B8102E42} = {A1990F6E-5702-4DCA-85F8-C604CF9D595C}
		{9E123E16-9B6D-4A1A-B8B7-E3667AFE1106} = {A1990F6E-5702-4DCA-85F8-C604CF9D595C}
		{7A4796F1-98F5-49DA-9710-D160F312F0D4} = {A1990F6E-5702-4DCA-85F8-C604CF9D595C}
		{5FD5D7FA-4525-4A2E-A49E-31C3A12748A3} = {A1990F6E-5702-4DCA-85F8-C604CF9D595C}
		{F6EEF37E-A180-4B7C-83C3-3F5957A48979} = {A1990F6E-5702-4DCA-85F8-C604CF9D595C}
		{AC9A9EBC-4D6D-467A-8D98-152C78749E0B} = {08441DDF-DAA7-499E-B7F2-5EC3C15FB417}
		{7DE90D53-A693-45AE-8A07-8B70AF93B760} = {A1990F6E-5702-4DCA-85F8-C604CF9D595C}
	EndGlobalSection
EndGlobal
